<?xml version="1.0" encoding="utf-8"?>
<Project ToolsVersion="4.0" xmlns="http://schemas.microsoft.com/developer/msbuild/2003">
  <ItemGroup>
    <Filter Include="Source Files">
      <UniqueIdentifier>{4FC737F1-C7A5-4376-A066-2A32D752A2FF}</UniqueIdentifier>
      <Extensions>cpp;c;cc;cxx;def;odl;idl;hpj;bat;asm;asmx</Extensions>
    </Filter>
    <Filter Include="Header Files">
      <UniqueIdentifier>{93995380-89BD-4b04-88EB-625FBE52EBFB}</UniqueIdentifier>
      <Extensions>h;hh;hpp;hxx;hm;inl;inc;xsd</Extensions>
    </Filter>
    <Filter Include="Resource Files">
      <UniqueIdentifier>{67DA6AB6-F800-4c08-8B7A-83BB121AAD01}</UniqueIdentifier>
      <Extensions>rc;ico;cur;bmp;dlg;rc2;rct;bin;rgs;gif;jpg;jpeg;jpe;resx;tiff;tif;png;wav;mfcribbon-ms</Extensions>
    </Filter>
    <Filter Include="Header Files\AI">
      <UniqueIdentifier>{e574c80b-e072-49ad-b045-cf33041566a1}</UniqueIdentifier>
    </Filter>
    <Filter Include="Header Files\Audio">
      <UniqueIdentifier>{120f2d63-8014-4b11-bfd3-e9bc30103bb3}</UniqueIdentifier>
    </Filter>
    <Filter Include="Header Files\Game">
      <UniqueIdentifier>{b54b93bd-bbba-4636-b4b7-05b998c5f7c6}</UniqueIdentifier>
    </Filter>
    <Filter Include="Header Files\Math">
      <UniqueIdentifier>{f93592d1-a710-480c-946e-1f2aa243be34}</UniqueIdentifier>
    </Filter>
    <Filter Include="Header Files\Renderer">
      <UniqueIdentifier>{85e321bd-ba9c-4590-b0b0-9b00853531b1}</UniqueIdentifier>
    </Filter>
    <Filter Include="Source Files\AI">
      <UniqueIdentifier>{6fdc92d5-554e-4084-ad0d-f724331c2d08}</UniqueIdentifier>
    </Filter>
    <Filter Include="Source Files\Audio">
      <UniqueIdentifier>{9a05c13c-ae35-424f-8aee-26b1a12d2fae}</UniqueIdentifier>
    </Filter>
    <Filter Include="Source Files\Game">
      <UniqueIdentifier>{d4683341-89fc-4d23-ac69-8f1c7aba1a10}</UniqueIdentifier>
    </Filter>
    <Filter Include="Source Files\Math">
      <UniqueIdentifier>{8a130c84-44f0-440c-8ebc-e6653c58dd65}</UniqueIdentifier>
    </Filter>
    <Filter Include="Source Files\Renderer">
      <UniqueIdentifier>{7cc569ee-ddd0-4955-b94a-37a022cb1749}</UniqueIdentifier>
    </Filter>
  </ItemGroup>
  <ItemGroup>
    <Text Include="ReadMe.txt" />
  </ItemGroup>
  <ItemGroup>
    <ClInclude Include="ErrorNotes.h">
      <Filter>Resource Files</Filter>
    </ClInclude>
    <ClInclude Include="Code\AI\AIPaddle.h">
      <Filter>Header Files\AI</Filter>
    </ClInclude>
    <ClInclude Include="Code\Audio\IAudioProvider.h">
      <Filter>Header Files\Audio</Filter>
    </ClInclude>
    <ClInclude Include="Code\Audio\SFMLMusicProvider.h">
      <Filter>Header Files\Audio</Filter>
    </ClInclude>
    <ClInclude Include="Code\Audio\SFMLSoundProvider.h">
      <Filter>Header Files\Audio</Filter>
    </ClInclude>
    <ClInclude Include="Code\Game\Game.h">
      <Filter>Header Files\Game</Filter>
    </ClInclude>
    <ClInclude Include="Code\Game\Gameball.h">
      <Filter>Header Files\Game</Filter>
    </ClInclude>
    <ClInclude Include="Code\Game\GameObjectManager.h">
      <Filter>Header Files\Game</Filter>
    </ClInclude>
    <ClInclude Include="Code\Game\Gamestates.h">
      <Filter>Header Files\Game</Filter>
    </ClInclude>
    <ClInclude Include="Code\Game\IEntity.h">
      <Filter>Header Files\Game</Filter>
    </ClInclude>
    <ClInclude Include="Code\Game\MainMenu.h">
      <Filter>Header Files\Game</Filter>
    </ClInclude>
    <ClInclude Include="Code\Game\PlayerPaddle.h">
      <Filter>Header Files\Game</Filter>
    </ClInclude>
    <ClInclude Include="Code\Game\SplashScreen.h">
      <Filter>Header Files\Game</Filter>
    </ClInclude>
    <ClInclude Include="Code\Game\stdafx.h">
      <Filter>Header Files\Game</Filter>
    </ClInclude>
    <ClInclude Include="Code\Game\targetver.h">
      <Filter>Header Files\Game</Filter>
    </ClInclude>
    <ClInclude Include="Code\Game\Timer.h">
      <Filter>Header Files\Game</Filter>
    </ClInclude>
    <ClInclude Include="Code\Math\Collision.h">
      <Filter>Header Files\Math</Filter>
    </ClInclude>
    <ClInclude Include="Code\Math\GameMath.h">
      <Filter>Header Files\Math</Filter>
    </ClInclude>
    <ClInclude Include="Code\Renderer\Renderer.h">
      <Filter>Header Files\Renderer</Filter>
    </ClInclude>
  </ItemGroup>
  <ItemGroup>
    <ClCompile Include="Code\AI\AIPaddle.cpp">
      <Filter>Source Files\AI</Filter>
    </ClCompile>
    <ClCompile Include="Code\Audio\SFMLMusicProvider.cpp">
      <Filter>Source Files\Audio</Filter>
    </ClCompile>
    <ClCompile Include="Code\Audio\SFMLSoundProvider.cpp">
      <Filter>Source Files\Audio</Filter>
    </ClCompile>
    <ClCompile Include="Code\Game\Game.cpp">
      <Filter>Source Files\Game</Filter>
    </ClCompile>
    <ClCompile Include="Code\Game\Gameball.cpp">
      <Filter>Source Files\Game</Filter>
    </ClCompile>
    <ClCompile Include="Code\Game\GameObjectManager.cpp">
      <Filter>Source Files\Game</Filter>
    </ClCompile>
    <ClCompile Include="Code\Game\Gamestates.cpp">
      <Filter>Source Files\Game</Filter>
    </ClCompile>
    <ClCompile Include="Code\Game\MainMenu.cpp">
      <Filter>Source Files\Game</Filter>
    </ClCompile>
    <ClCompile Include="Code\Game\PlayerPaddle.cpp">
      <Filter>Source Files\Game</Filter>
    </ClCompile>
    <ClCompile Include="Code\Game\Pong.cpp">
      <Filter>Source Files\Game</Filter>
    </ClCompile>
    <ClCompile Include="Code\Game\SplashScreen.cpp">
      <Filter>Source Files\Game</Filter>
    </ClCompile>
    <ClCompile Include="Code\Game\Timer.cpp">
      <Filter>Source Files\Game</Filter>
    </ClCompile>
    <ClCompile Include="Code\Game\stdafx.cpp">
      <Filter>Source Files\Game</Filter>
    </ClCompile>
    <ClCompile Include="Code\Math\Collision.cpp">
      <Filter>Source Files\Math</Filter>
    </ClCompile>
    <ClCompile Include="Code\Renderer\Renderer.cpp">
      <Filter>Source Files\Renderer</Filter>
    </ClCompile>
  </ItemGroup>
</Project>